
Microsoft Visual Studio Solution File, Format Version 12.00
# Visual Studio Version 17
VisualStudioVersion = 17.4.33213.308
MinimumVisualStudioVersion = 10.0.40219.1
Project("{9A19103F-16F7-4668-BE54-9A1E7A4F7556}") = "Yahtzee", "src\Yahtzee\Yahtzee.csproj", "{81BDD96C-9923-440C-801F-8E0F1B198A05}"
EndProject
Project("{9A19103F-16F7-4668-BE54-9A1E7A4F7556}") = "Yahtzee.Tests", "tests\Yahtzee.Tests\Yahtzee.Tests.csproj", "{30910E84-D874-415B-AE04-82B93CF1135E}"
EndProject
Global
	GlobalSection(SolutionConfigurationPlatforms) = preSolution
		Debug|Any CPU = Debug|Any CPU
		Release|Any CPU = Release|Any CPU
	EndGlobalSection
	GlobalSection(ProjectConfigurationPlatforms) = postSolution
		{81BDD96C-9923-440C-801F-8E0F1B198A05}.Debug|Any CPU.ActiveCfg = Debug|Any CPU
		{81BDD96C-9923-440C-801F-8E0F1B198A05}.Debug|Any CPU.Build.0 = Debug|Any CPU
		{81BDD96C-9923-440C-801F-8E0F1B198A05}.Release|Any CPU.ActiveCfg = Release|Any CPU
		{81BDD96C-9923-440C-801F-8E0F1B198A05}.Release|Any CPU.Build.0 = Release|Any CPU
		{30910E84-D874-415B-AE04-82B93CF1135E}.Debug|Any CPU.ActiveCfg = Debug|Any CPU
		{30910E84-D874-415B-AE04-82B93CF1135E}.Debug|Any CPU.Build.0 = Debug|Any CPU
		{30910E84-D874-415B-AE04-82B93CF1135E}.Release|Any CPU.ActiveCfg = Release|Any CPU
		{30910E84-D874-415B-AE04-82B93CF1135E}.Release|Any CPU.Build.0 = Release|Any CPU
	EndGlobalSection
	GlobalSection(SolutionProperties) = preSolution
		HideSolutionNode = FALSE
	EndGlobalSection
	GlobalSection(ExtensibilityGlobals) = postSolution
		SolutionGuid = {96156620-075D-47F0-8415-6F0A3A157CD3}
	EndGlobalSection
EndGlobal
